
Microsoft Visual Studio Solution File, Format Version 12.00
# Visual Studio Version 16
VisualStudioVersion = 16.0.29806.167
MinimumVisualStudioVersion = 10.0.40219.1
Project("{8BC9CEB8-8B4A-11D0-8D11-00A0C91BC942}") = "图形学大作业", "图形学大作业.vcxproj", "{563E5A1E-F2C7-4ED3-A098-E040CF21FEED}"
EndProject
Global
	GlobalSection(SolutionConfigurationPlatforms) = preSolution
		Debug|x64 = Debug|x64
		Debug|x86 = Debug|x86
		Release|x64 = Release|x64
		Release|x86 = Release|x86
	EndGlobalSection
	GlobalSection(ProjectConfigurationPlatforms) = postSolution
		{563E5A1E-F2C7-4ED3-A098-E040CF21FEED}.Debug|x64.ActiveCfg = Debug|x64
		{563E5A1E-F2C7-4ED3-A098-E040CF21FEED}.Debug|x64.Build.0 = Debug|x64
		{563E5A1E-F2C7-4ED3-A098-E040CF21FEED}.Debug|x86.ActiveCfg = Debug|Win32
		{563E5A1E-F2C7-4ED3-A098-E040CF21FEED}.Debug|x86.Build.0 = Debug|Win32
		{563E5A1E-F2C7-4ED3-A098-E040CF21FEED}.Release|x64.ActiveCfg = Release|x64
		{563E5A1E-F2C7-4ED3-A098-E040CF21FEED}.Release|x64.Build.0 = Release|x64
		{563E5A1E-F2C7-4ED3-A098-E040CF21FEED}.Release|x86.ActiveCfg = Release|Win32
		{563E5A1E-F2C7-4ED3-A098-E040CF21FEED}.Release|x86.Build.0 = Release|Win32
	EndGlobalSection
	GlobalSection(SolutionProperties) = preSolution
		HideSolutionNode = FALSE
	EndGlobalSection
	GlobalSection(ExtensibilityGlobals) = postSolution
		SolutionGuid = {343C00FD-8F82-42B0-88DC-42C45E22016E}
	EndGlobalSection
EndGlobal
